{
  "lockfileVersion": 1,
  "configVersion": 1,
  "workspaces": {
    "": {
      "name": "monorepo",
      "devDependencies": {
        "@biomejs/biome": "2.4.16",
        "@typescript/native-preview": "^7.0.0-dev.20260527.2",
        "sherif": "1.11.1",
      },
    },
    "aelea": {
      "name": "aelea",
      "version": "4.11.1",
      "dependencies": {
        "csstype": "3.2.3",
      },
      "devDependencies": {
        "@most/core": "1.6.1",
        "@most/scheduler": "1.3.0",
        "@takumi-rs/core": "^1.6.0",
        "bun-types": "^1.3.14",
        "happy-dom": "^20.9.0",
        "tinybench": "^6.0.2",
      },
    },
    "company": {
      "name": "company",
      "version": "0.0.0",
      "dependencies": {
        "aelea": "workspace:*",
      },
      "devDependencies": {
        "vite": "8.0.14",
      },
    },
    "website": {
      "name": "website",
      "version": "33.0.2",
      "dependencies": {
        "aelea": "workspace:*",
      },
      "devDependencies": {
        "monaco-editor": "0.55.1",
        "vite": "8.0.14",
      },
    },
  },
  "packages": {
    "@biomejs/biome": ["@biomejs/biome@2.4.16", "", { "optionalDependencies": { "@biomejs/cli-darwin-arm64": "2.4.16", "@biomejs/cli-darwin-x64": "2.4.16", "@biomejs/cli-linux-arm64": "2.4.16", "@biomejs/cli-linux-arm64-musl": "2.4.16", "@biomejs/cli-linux-x64": "2.4.16", "@biomejs/cli-linux-x64-musl": "2.4.16", "@biomejs/cli-win32-arm64": "2.4.16", "@biomejs/cli-win32-x64": "2.4.16" }, "bin": { "biome": "bin/biome" } }, "sha512-x9ajFh1zChVybCiM3TN6OD4phAqLgtPZjFrZF+aTMYCPjwBO+k529TX7PPsAqtGNLeV4UgzwQnowEgS7bGmzcA=="],

    "@biomejs/cli-darwin-arm64": ["@biomejs/cli-darwin-arm64@2.4.16", "", { "os": "darwin", "cpu": "arm64" }, "sha512-wxPvu4XOA85YJk9ixSWUmq/QBHbid85BISbOAqqBM/5xQpPk9ayjk5375tOlSC0BeCwNSbPFafQBm+vBumXq0A=="],

    "@biomejs/cli-darwin-x64": ["@biomejs/cli-darwin-x64@2.4.16", "", { "os": "darwin", "cpu": "x64" }, "sha512-xFCqGPwYusQJp4N4NJLi1XJiZqjwFdjhT+KqtNy+Ug3qgfczqnTa6MSDvxJF6TkuDLoYJItMapz6tAf7kCekFw=="],

    "@biomejs/cli-linux-arm64": ["@biomejs/cli-linux-arm64@2.4.16", "", { "os": "linux", "cpu": "arm64" }, "sha512-2kFb4//jxfZaP6D+Rj5VkHkxgyD9EoRAVBEQb8PKRv+s4NO2zYNJKXFaJmK1CmhufJOWEfpHKaRbOja7qjmdhQ=="],

    "@biomejs/cli-linux-arm64-musl": ["@biomejs/cli-linux-arm64-musl@2.4.16", "", { "os": "linux", "cpu": "arm64" }, "sha512-oYxnW0ARfJkr72ezzF2OR8N/rtkgLUQeYtF8cFhVswbknHxtTcmzSsanVJP8yQKnGpGpc2ck6c5zLvHahL6Cbg=="],

    "@biomejs/cli-linux-x64": ["@biomejs/cli-linux-x64@2.4.16", "", { "os": "linux", "cpu": "x64" }, "sha512-NbcBbi/nJqn5baae6wqRXdS7Gadf2uRpehSh6vMSYpG8OhkXl/Xg8aorWrJ+9VWqAT5ml90alLvorkpMW0nBwQ=="],

    "@biomejs/cli-linux-x64-musl": ["@biomejs/cli-linux-x64-musl@2.4.16", "", { "os": "linux", "cpu": "x64" }, "sha512-iHDS+MCM65DPqWGu+ECC3uoALyj2H7F4nVUPxIPjz/PIl94EUu+EDfGZDzFP+NY1EOPVt9NQvwFqq7HdMmowdg=="],

    "@biomejs/cli-win32-arm64": ["@biomejs/cli-win32-arm64@2.4.16", "", { "os": "win32", "cpu": "arm64" }, "sha512-0rgImMsNb5v/chhkIFe3wu7PEFClS6RBAYUijGL9UsYN3PanSaoK24HSSuSJb1pYbYYVjzAyZTl3gtjJ84BM8A=="],

    "@biomejs/cli-win32-x64": ["@biomejs/cli-win32-x64@2.4.16", "", { "os": "win32", "cpu": "x64" }, "sha512-Kp85jgoBHa05gix6UIRjfCDiUV3w/8VIdZ247VyyO2gEjaw12WEVhdIjlxp/AMzXxqxQwbxNTDVZ3Mwd2RG5rw=="],

    "@emnapi/core": ["@emnapi/core@1.10.0", "", { "dependencies": { "@emnapi/wasi-threads": "1.2.1", "tslib": "^2.4.0" } }, "sha512-yq6OkJ4p82CAfPl0u9mQebQHKPJkY7WrIuk205cTYnYe+k2Z8YBh11FrbRG/H6ihirqcacOgl2BIO8oyMQLeXw=="],

    "@emnapi/runtime": ["@emnapi/runtime@1.10.0", "", { "dependencies": { "tslib": "^2.4.0" } }, "sha512-ewvYlk86xUoGI0zQRNq/mC+16R1QeDlKQy21Ki3oSYXNgLb45GV1P6A0M+/s6nyCuNDqe5VpaY84BzXGwVbwFA=="],

    "@emnapi/wasi-threads": ["@emnapi/wasi-threads@1.2.1", "", { "dependencies": { "tslib": "^2.4.0" } }, "sha512-uTII7OYF+/Mes/MrcIOYp5yOtSMLBWSIoLPpcgwipoiKbli6k322tcoFsxoIIxPDqW01SQGAgko4EzZi2BNv2w=="],

    "@most/core": ["@most/core@1.6.1", "", { "dependencies": { "@most/disposable": "^1.3.0", "@most/prelude": "^1.8.0", "@most/scheduler": "^1.3.0", "@most/types": "^1.1.0" } }, "sha512-H989BS6v9QxSZRGPZlbomXTRpUU60iy76AHJoPveKtj27bE0Pv3mwMENRzNZijJK9ntUwhoJ0SYCoXaMCYuWEQ=="],

    "@most/disposable": ["@most/disposable@1.3.0", "", { "dependencies": { "@most/prelude": "^1.8.0", "@most/types": "^1.1.0" } }, "sha512-0lCve1GmWlZrvTGQpMgTFTHH6uRtzM31jyYTIN7303XX4KoLCLWw9L6hfTYLLBtge6s+QyiBQVokAhy2GjNAUQ=="],

    "@most/prelude": ["@most/prelude@1.8.0", "", {}, "sha512-t1CcURpZzfmBA6fEWwqmCqeNzWAj1w2WqEmCk/2yXMe/p8Ut000wFmVKMy8A1Rl9VVxZEZ5nBHd/pU0dR4bv/w=="],

    "@most/scheduler": ["@most/scheduler@1.3.0", "", { "dependencies": { "@most/prelude": "^1.8.0", "@most/types": "^1.1.0" } }, "sha512-bbJGyhbZxNqlkVjP8+YT9wIVMvYnpzWOzV8jZueqlTH2PJWewH2f54YziZn7/wWa6AJdN03H1vb8Tbi9GcA/cw=="],

    "@most/types": ["@most/types@1.1.0", "", {}, "sha512-v2trqAWu1jqP4Yd/CyI1O6mAeJyygK1uJOrFRpNPkPZIaYw4khA4EQe4WzcyOFKuXdiP8qAqaxGtXXJJ2LZdXg=="],

    "@napi-rs/wasm-runtime": ["@napi-rs/wasm-runtime@1.1.4", "", { "dependencies": { "@tybys/wasm-util": "^0.10.1" }, "peerDependencies": { "@emnapi/core": "^1.7.1", "@emnapi/runtime": "^1.7.1" } }, "sha512-3NQNNgA1YSlJb/kMH1ildASP9HW7/7kYnRI2szWJaofaS1hWmbGI4H+d3+22aGzXXN9IJ+n+GiFVcGipJP18ow=="],

    "@oxc-project/types": ["@oxc-project/types@0.132.0", "", {}, "sha512-FESMOxil5Se014ui/Eq8fT5uHJo6nIRwH0PfJrZJXs6Gek3ZVFOrpUv3YIZT20m+extU98Hg1Ym72U58rlsxUQ=="],

    "@rolldown/binding-android-arm64": ["@rolldown/binding-android-arm64@1.0.2", "", { "os": "android", "cpu": "arm64" }, "sha512-ZS4D1JPGn/MYQN/SYDWftIE/nVsM8j/AFOYEzAoOE2O3NktQOZru+/vYXGbR/qtdLdIfGCP0lcoJiYVzsEz+iQ=="],

    "@rolldown/binding-darwin-arm64": ["@rolldown/binding-darwin-arm64@1.0.2", "", { "os": "darwin", "cpu": "arm64" }, "sha512-vdFA9+C/rekyGce7WqHs/xoT0ioZEWaOFyZLIV1mEeNFaFDUQrPIo8Vs2GvJ6eetb3rzDUtUBgzto3ExpXJB3w=="],

    "@rolldown/binding-darwin-x64": ["@rolldown/binding-darwin-x64@1.0.2", "", { "os": "darwin", "cpu": "x64" }, "sha512-BewSOwTHazv77DTYiAZXSqqKZ4KP/KonFisDMVU7PImxoWfB2aepnPhd2E4SWz3zDzYgDNbs6jBmTdgNnF02GA=="],

    "@rolldown/binding-freebsd-x64": ["@rolldown/binding-freebsd-x64@1.0.2", "", { "os": "freebsd", "cpu": "x64" }, "sha512-m41o7M0YWtUdqk61Tb+jnKb2rN++iRdIASlExkUoKfIAH30DOHCB8fVLzSUpbWHHU8esmEioY62PxzexE8MBuA=="],

    "@rolldown/binding-linux-arm-gnueabihf": ["@rolldown/binding-linux-arm-gnueabihf@1.0.2", "", { "os": "linux", "cpu": "arm" }, "sha512-jcojB9H7W/jS29pMKWAK1N+fU99vXodHDTatS3b3y/XSOCiHo0kkA74pL3jJmkoQtYpOCxDvaKs1fo2Ij/1X5w=="],

    "@rolldown/binding-linux-arm64-gnu": ["@rolldown/binding-linux-arm64-gnu@1.0.2", "", { "os": "linux", "cpu": "arm64" }, "sha512-1jn6qDU5iiOgFgygDzKUuKP0maTi0/f1+sBLgvij/76C77Nm3ts6ufz9Bjg5q5dduxiUIxtq86JIoBvo1xQ4Ig=="],

    "@rolldown/binding-linux-arm64-musl": ["@rolldown/binding-linux-arm64-musl@1.0.2", "", { "os": "linux", "cpu": "arm64" }, "sha512-QVLO/czFMdoMFSqlX3bcswcJNm/23r+qoa/jgtmFc/qEp6/jXmIkDjF/XIo8dPfGaiwy1xfQn8o77L79GeXFgw=="],

    "@rolldown/binding-linux-ppc64-gnu": ["@rolldown/binding-linux-ppc64-gnu@1.0.2", "", { "os": "linux", "cpu": "ppc64" }, "sha512-hgO5Abm0w5UL6FEa2iFnZqo2KlK7TQ5QhV5x09hujBf7t5KzHQ1VmfPuTpqRy/rNlSxua3eWH374xxiVrP+lcA=="],

    "@rolldown/binding-linux-s390x-gnu": ["@rolldown/binding-linux-s390x-gnu@1.0.2", "", { "os": "linux", "cpu": "s390x" }, "sha512-fy8rXxuYEu602abC8MUNaPjYLIFzReOaEIEMKMUa0rFEUxNpVXhs15KSSQ4qlqSaM7B6rcj9rDZgADh/IGDzLQ=="],

    "@rolldown/binding-linux-x64-gnu": ["@rolldown/binding-linux-x64-gnu@1.0.2", "", { "os": "linux", "cpu": "x64" }, "sha512-0+bOkiQ779+r1WpoHOWHqncvyySci0vKph+myNDYb+im6meJAzHQXay6oEgnkHuUGouM1LKTZwqKpBow6Kj7CQ=="],

    "@rolldown/binding-linux-x64-musl": ["@rolldown/binding-linux-x64-musl@1.0.2", "", { "os": "linux", "cpu": "x64" }, "sha512-mjSkrzZK5Qsl0a9d1JgILOiuZOSDTVdKENcSXBoqbzSrspLR/4/IRVDo5wd2GgZjNss/viBFJdeq+j7qH2nypw=="],

    "@rolldown/binding-openharmony-arm64": ["@rolldown/binding-openharmony-arm64@1.0.2", "", { "os": "none", "cpu": "arm64" }, "sha512-1v5vHasdfQAZoEHakBV72LIFAC9JjnymsiKxp+GEr/ma3+NJCPSaYK+qavInOovJkgwFrs7GccX2d6IgDA3Z5w=="],

    "@rolldown/binding-wasm32-wasi": ["@rolldown/binding-wasm32-wasi@1.0.2", "", { "dependencies": { "@emnapi/core": "1.10.0", "@emnapi/runtime": "1.10.0", "@napi-rs/wasm-runtime": "^1.1.4" }, "cpu": "none" }, "sha512-mb1VobWn6NheziTk5/WEaR6AKVbrwT5sOi6C7zk3gy/pD1qtJfU1j4PgTo2NJnOtbL9Dl3Aeei8w9jJ7qC2jZQ=="],

    "@rolldown/binding-win32-arm64-msvc": ["@rolldown/binding-win32-arm64-msvc@1.0.2", "", { "os": "win32", "cpu": "arm64" }, "sha512-SqKonF56vA/L2yHwHYcEp2P34URpOZ7d1fS635cTkpDnUtEGdUbhI6NzsPdqeSWvAAeGDrxjWjNmibDIdFf9/A=="],

    "@rolldown/binding-win32-x64-msvc": ["@rolldown/binding-win32-x64-msvc@1.0.2", "", { "os": "win32", "cpu": "x64" }, "sha512-v7qRI7gXLRINcOGXt+7YmAZ6iFuyZVMIoXAxhd8oP+DR9dLfL9GfNIx7PLMxmhZdvq8waUJBQiWN9EKNy+TRBQ=="],

    "@rolldown/pluginutils": ["@rolldown/pluginutils@1.0.1", "", {}, "sha512-2j9bGt5Jh8hj+vPtgzPtl72j0yRxHAyumoo6TNfAjsLB04UtpSvPbPcDcBMxz7n+9CYB0c1GxQFxYRg2jimqGw=="],

    "@takumi-rs/core": ["@takumi-rs/core@1.6.0", "", { "dependencies": { "@takumi-rs/helpers": "1.6.0" }, "optionalDependencies": { "@takumi-rs/core-darwin-arm64": "1.6.0", "@takumi-rs/core-darwin-x64": "1.6.0", "@takumi-rs/core-linux-arm64-gnu": "1.6.0", "@takumi-rs/core-linux-arm64-musl": "1.6.0", "@takumi-rs/core-linux-x64-gnu": "1.6.0", "@takumi-rs/core-linux-x64-musl": "1.6.0", "@takumi-rs/core-win32-arm64-msvc": "1.6.0", "@takumi-rs/core-win32-x64-msvc": "1.6.0" } }, "sha512-U98BRuHhDtAojGP+NBZYWL53Fkt9rBAK9bOgh8MkbR5QKOQ6bObgoZj1TnwFePc57nLOU33DCgzBncse6RLPUA=="],

    "@takumi-rs/core-darwin-arm64": ["@takumi-rs/core-darwin-arm64@1.6.0", "", { "os": "darwin", "cpu": "arm64" }, "sha512-Ib5W+lE3M8kN6oJixDozVHBSp9wZVm64z3yHGqPO3hdnCoaozAsM8YfQbZL61ESWrnLzutBJtwFHD3jSZ+3ilA=="],

    "@takumi-rs/core-darwin-x64": ["@takumi-rs/core-darwin-x64@1.6.0", "", { "os": "darwin", "cpu": "x64" }, "sha512-CmvPOafon70xNcbmocDEJK18ONCeck3oBENdVriP8hQxPVJA8qwtObFxLBzbkEFtQIW3PzeFM24UYmUnba9OVg=="],

    "@takumi-rs/core-linux-arm64-gnu": ["@takumi-rs/core-linux-arm64-gnu@1.6.0", "", { "os": "linux", "cpu": "arm64" }, "sha512-sMcAiBPMnuECsxyUP3xF89yC7WCatUTcMYuAJ1nWgkY1QZ86oimuitlukCV2a6Wi011aOou02ALgf6SucDn8Rw=="],

    "@takumi-rs/core-linux-arm64-musl": ["@takumi-rs/core-linux-arm64-musl@1.6.0", "", { "os": "linux", "cpu": "arm64" }, "sha512-G1llacEnQ37XXz4a8/CIzXCczp+s9Cz2diOEOTPUlID4/wWwNL8DRel3lP4NA7y7H7lsWB+C8KLz0by3T/icgg=="],

    "@takumi-rs/core-linux-x64-gnu": ["@takumi-rs/core-linux-x64-gnu@1.6.0", "", { "os": "linux", "cpu": "x64" }, "sha512-e6LQXzHii9RIWbQGLlDilLzyrTo4UrPAAA+/MVTcrgH3LE2AXlCMSRddFDQoPzlrElNSK7afS0OqOU3ZlF3biQ=="],

    "@takumi-rs/core-linux-x64-musl": ["@takumi-rs/core-linux-x64-musl@1.6.0", "", { "os": "linux", "cpu": "x64" }, "sha512-pDGU7dBdYvhYlS1BGd+AIHs18EklT+jHMvWoOq0Qcm0SYbejYkuzj3H8iQyzAhnWhjWWwK3DPLHArNWNTsQYLw=="],

    "@takumi-rs/core-win32-arm64-msvc": ["@takumi-rs/core-win32-arm64-msvc@1.6.0", "", { "os": "win32", "cpu": "arm64" }, "sha512-WCtl6+fKM0jqojm5Q+UjGBg9Kk5kdDwNYLrW4p1TU/H73XJ73h7fNNe46EnwBarnV5VIG2ReLGusm6tDq1xwXw=="],

    "@takumi-rs/core-win32-x64-msvc": ["@takumi-rs/core-win32-x64-msvc@1.6.0", "", { "os": "win32", "cpu": "x64" }, "sha512-fOmQrTz8MtcNA85zJpwFEzag5Iej9Q/VFIQcOyTxFGfE1Oyl2rwBQE0XGYU2JVD8h00d6RWZdllgRfvlJwalzg=="],

    "@takumi-rs/helpers": ["@takumi-rs/helpers@1.6.0", "", { "peerDependencies": { "react": "^19.2.5", "react-dom": "^18.0.0 || ^19.0.0" }, "optionalPeers": ["react", "react-dom"] }, "sha512-pjNmUhh1sfqWoyCHRAd0eMciFaDCUYis7FTAb8+XZgNGC3FNJ0b+6hWpnj5zMuP8xrAUoq61FNgj2kGt+B5TRg=="],

    "@tybys/wasm-util": ["@tybys/wasm-util@0.10.1", "", { "dependencies": { "tslib": "^2.4.0" } }, "sha512-9tTaPJLSiejZKx+Bmog4uSubteqTvFrVrURwkmHixBo0G4seD0zUxp98E1DzUBJxLQ3NPwXrGKDiVjwx/DpPsg=="],

    "@types/node": ["@types/node@25.6.0", "", { "dependencies": { "undici-types": "~7.19.0" } }, "sha512-+qIYRKdNYJwY3vRCZMdJbPLJAtGjQBudzZzdzwQYkEPQd+PJGixUL5QfvCLDaULoLv+RhT3LDkwEfKaAkgSmNQ=="],

    "@types/trusted-types": ["@types/trusted-types@2.0.7", "", {}, "sha512-ScaPdn1dQczgbl0QFTeTOmVHFULt394XJgOQNoyVhZ6r2vLnMLJfBPd53SB52T/3G36VI1/g2MZaX0cwDuXsfw=="],

    "@types/whatwg-mimetype": ["@types/whatwg-mimetype@3.0.2", "", {}, "sha512-c2AKvDT8ToxLIOUlN51gTiHXflsfIFisS4pO7pDPoKouJCESkhZnEy623gwP9laCy5lnLDAw1vAzu2vM2YLOrA=="],

    "@types/ws": ["@types/ws@8.18.1", "", { "dependencies": { "@types/node": "*" } }, "sha512-ThVF6DCVhA8kUGy+aazFQ4kXQ7E1Ty7A3ypFOe0IcJV8O/M511G99AW24irKrW56Wt44yG9+ij8FaqoBGkuBXg=="],

    "@typescript/native-preview": ["@typescript/native-preview@7.0.0-dev.20260527.2", "", { "optionalDependencies": { "@typescript/native-preview-darwin-arm64": "7.0.0-dev.20260527.2", "@typescript/native-preview-darwin-x64": "7.0.0-dev.20260527.2", "@typescript/native-preview-linux-arm": "7.0.0-dev.20260527.2", "@typescript/native-preview-linux-arm64": "7.0.0-dev.20260527.2", "@typescript/native-preview-linux-x64": "7.0.0-dev.20260527.2", "@typescript/native-preview-win32-arm64": "7.0.0-dev.20260527.2", "@typescript/native-preview-win32-x64": "7.0.0-dev.20260527.2" }, "bin": { "tsgo": "bin/tsgo.js" } }, "sha512-piqkDwikVeizCFqA1lcwI5F4wOAtBdxuliWe77ApBNRyBPPvfCJB+u/HYi9/8t5nd0sWvFs6/qt/AzJ1CCoykQ=="],

    "@typescript/native-preview-darwin-arm64": ["@typescript/native-preview-darwin-arm64@7.0.0-dev.20260527.2", "", { "os": "darwin", "cpu": "arm64" }, "sha512-3LqSu4DlxkEfeC/Z/29QMCJn5jjkDtXI7LYuxfmjdmAatS6umDKqm8J17fnP/7fyrZUMBTIYRwSDpChGV3G1ew=="],

    "@typescript/native-preview-darwin-x64": ["@typescript/native-preview-darwin-x64@7.0.0-dev.20260527.2", "", { "os": "darwin", "cpu": "x64" }, "sha512-H4+sxE9qaBbLF83wMdWE0FsgfK0Pom+/O+/oxqyGzhVkDJlNt3vfpgQZMit48/Gm44AacGfBggJ9Dhbi3aeSFw=="],

    "@typescript/native-preview-linux-arm": ["@typescript/native-preview-linux-arm@7.0.0-dev.20260527.2", "", { "os": "linux", "cpu": "arm" }, "sha512-6I9Cv9ozwfS9zB9vRQDPIYseLX3artEO9jl3yVgLj4ishwlSF4cWAbIsjl5IztPaEgHv8coej/6tX1D0uaBzXg=="],

    "@typescript/native-preview-linux-arm64": ["@typescript/native-preview-linux-arm64@7.0.0-dev.20260527.2", "", { "os": "linux", "cpu": "arm64" }, "sha512-BGUDMjC2Z3TTdZRkGGwhBLelkP5UYgO2rbep8aF4dS3fu7T5lFPPrnfS6EgqJgie+cF5Fsev7xEq8wWyBDM+lg=="],

    "@typescript/native-preview-linux-x64": ["@typescript/native-preview-linux-x64@7.0.0-dev.20260527.2", "", { "os": "linux", "cpu": "x64" }, "sha512-vpazOu+ozlxBo8U57YJMzsOPuxAV8H7fu36KJ8ea8At/D8pdGmOAy5TuB+9OBQV9JDe0OXJMy2kmbhOpmkTAmA=="],

    "@typescript/native-preview-win32-arm64": ["@typescript/native-preview-win32-arm64@7.0.0-dev.20260527.2", "", { "os": "win32", "cpu": "arm64" }, "sha512-DBFnFE3V6AITkPO1K1VxXf3yEZKjU2FwtXlNwRqhzDu0rrL2SsJHOSrBDX+OacTxQFzZMxFcpiuhV8jHZALPEg=="],

    "@typescript/native-preview-win32-x64": ["@typescript/native-preview-win32-x64@7.0.0-dev.20260527.2", "", { "os": "win32", "cpu": "x64" }, "sha512-1tBlErMvQgcMqqYwsx4tytupcjCJcOUXD3vBn1Wb/kAvus1FzWQAFE0fcKBvLfcqLQfTiiEwKKEtbLjGmakqqg=="],

    "aelea": ["aelea@workspace:aelea"],

    "bun-types": ["bun-types@1.3.14", "", { "dependencies": { "@types/node": "*" } }, "sha512-4N0ig0fEomHt5R0KCFWjovxow98rIoRwKolrYdCcknNwMekCXRnWEUvgu5soYV8QXtVsrUD8B95MBOZGPvr6KQ=="],

    "company": ["company@workspace:company"],

    "csstype": ["csstype@3.2.3", "", {}, "sha512-z1HGKcYy2xA8AGQfwrn0PAy+PB7X/GSj3UVJW9qKyn43xWa+gl5nXmU4qqLMRzWVLFC8KusUX8T/0kCiOYpAIQ=="],

    "detect-libc": ["detect-libc@2.1.2", "", {}, "sha512-Btj2BOOO83o3WyH59e8MgXsxEQVcarkUOpEYrubB0urwnN10yQ364rsiByU11nZlqWYZm05i/of7io4mzihBtQ=="],

    "dompurify": ["dompurify@3.2.7", "", { "optionalDependencies": { "@types/trusted-types": "^2.0.7" } }, "sha512-WhL/YuveyGXJaerVlMYGWhvQswa7myDG17P7Vu65EWC05o8vfeNbvNf4d/BOvH99+ZW+LlQsc1GDKMa1vNK6dw=="],

    "entities": ["entities@7.0.1", "", {}, "sha512-TWrgLOFUQTH994YUyl1yT4uyavY5nNB5muff+RtWaqNVCAK408b5ZnnbNAUEWLTCpum9w6arT70i1XdQ4UeOPA=="],

    "fdir": ["fdir@6.5.0", "", { "peerDependencies": { "picomatch": "^3 || ^4" }, "optionalPeers": ["picomatch"] }, "sha512-tIbYtZbucOs0BRGqPJkshJUYdL+SDH7dVM8gjy+ERp3WAUjLEFJE+02kanyHtwjWOnwrKYBiwAmM0p4kLJAnXg=="],

    "fsevents": ["fsevents@2.3.3", "", { "os": "darwin" }, "sha512-5xoDfX+fL7faATnagmWPpbFtwh/R77WmMMqqHGS65C3vvB0YHrgF+B1YmZ3441tMj5n63k0212XNoJwzlhffQw=="],

    "happy-dom": ["happy-dom@20.9.0", "", { "dependencies": { "@types/node": ">=20.0.0", "@types/whatwg-mimetype": "^3.0.2", "@types/ws": "^8.18.1", "entities": "^7.0.1", "whatwg-mimetype": "^3.0.0", "ws": "^8.18.3" } }, "sha512-GZZ9mKe8r646NUAf/zemnGbjYh4Bt8/MqASJY+pSm5ZDtc3YQox+4gsLI7yi1hba6o+eCsGxpHn5+iEVn31/FQ=="],

    "lightningcss": ["lightningcss@1.32.0", "", { "dependencies": { "detect-libc": "^2.0.3" }, "optionalDependencies": { "lightningcss-android-arm64": "1.32.0", "lightningcss-darwin-arm64": "1.32.0", "lightningcss-darwin-x64": "1.32.0", "lightningcss-freebsd-x64": "1.32.0", "lightningcss-linux-arm-gnueabihf": "1.32.0", "lightningcss-linux-arm64-gnu": "1.32.0", "lightningcss-linux-arm64-musl": "1.32.0", "lightningcss-linux-x64-gnu": "1.32.0", "lightningcss-linux-x64-musl": "1.32.0", "lightningcss-win32-arm64-msvc": "1.32.0", "lightningcss-win32-x64-msvc": "1.32.0" } }, "sha512-NXYBzinNrblfraPGyrbPoD19C1h9lfI/1mzgWYvXUTe414Gz/X1FD2XBZSZM7rRTrMA8JL3OtAaGifrIKhQ5yQ=="],

    "lightningcss-android-arm64": ["lightningcss-android-arm64@1.32.0", "", { "os": "android", "cpu": "arm64" }, "sha512-YK7/ClTt4kAK0vo6w3X+Pnm0D2cf2vPHbhOXdoNti1Ga0al1P4TBZhwjATvjNwLEBCnKvjJc2jQgHXH0NEwlAg=="],

    "lightningcss-darwin-arm64": ["lightningcss-darwin-arm64@1.32.0", "", { "os": "darwin", "cpu": "arm64" }, "sha512-RzeG9Ju5bag2Bv1/lwlVJvBE3q6TtXskdZLLCyfg5pt+HLz9BqlICO7LZM7VHNTTn/5PRhHFBSjk5lc4cmscPQ=="],

    "lightningcss-darwin-x64": ["lightningcss-darwin-x64@1.32.0", "", { "os": "darwin", "cpu": "x64" }, "sha512-U+QsBp2m/s2wqpUYT/6wnlagdZbtZdndSmut/NJqlCcMLTWp5muCrID+K5UJ6jqD2BFshejCYXniPDbNh73V8w=="],

    "lightningcss-freebsd-x64": ["lightningcss-freebsd-x64@1.32.0", "", { "os": "freebsd", "cpu": "x64" }, "sha512-JCTigedEksZk3tHTTthnMdVfGf61Fky8Ji2E4YjUTEQX14xiy/lTzXnu1vwiZe3bYe0q+SpsSH/CTeDXK6WHig=="],

    "lightningcss-linux-arm-gnueabihf": ["lightningcss-linux-arm-gnueabihf@1.32.0", "", { "os": "linux", "cpu": "arm" }, "sha512-x6rnnpRa2GL0zQOkt6rts3YDPzduLpWvwAF6EMhXFVZXD4tPrBkEFqzGowzCsIWsPjqSK+tyNEODUBXeeVHSkw=="],

    "lightningcss-linux-arm64-gnu": ["lightningcss-linux-arm64-gnu@1.32.0", "", { "os": "linux", "cpu": "arm64" }, "sha512-0nnMyoyOLRJXfbMOilaSRcLH3Jw5z9HDNGfT/gwCPgaDjnx0i8w7vBzFLFR1f6CMLKF8gVbebmkUN3fa/kQJpQ=="],

    "lightningcss-linux-arm64-musl": ["lightningcss-linux-arm64-musl@1.32.0", "", { "os": "linux", "cpu": "arm64" }, "sha512-UpQkoenr4UJEzgVIYpI80lDFvRmPVg6oqboNHfoH4CQIfNA+HOrZ7Mo7KZP02dC6LjghPQJeBsvXhJod/wnIBg=="],

    "lightningcss-linux-x64-gnu": ["lightningcss-linux-x64-gnu@1.32.0", "", { "os": "linux", "cpu": "x64" }, "sha512-V7Qr52IhZmdKPVr+Vtw8o+WLsQJYCTd8loIfpDaMRWGUZfBOYEJeyJIkqGIDMZPwPx24pUMfwSxxI8phr/MbOA=="],

    "lightningcss-linux-x64-musl": ["lightningcss-linux-x64-musl@1.32.0", "", { "os": "linux", "cpu": "x64" }, "sha512-bYcLp+Vb0awsiXg/80uCRezCYHNg1/l3mt0gzHnWV9XP1W5sKa5/TCdGWaR/zBM2PeF/HbsQv/j2URNOiVuxWg=="],

    "lightningcss-win32-arm64-msvc": ["lightningcss-win32-arm64-msvc@1.32.0", "", { "os": "win32", "cpu": "arm64" }, "sha512-8SbC8BR40pS6baCM8sbtYDSwEVQd4JlFTOlaD3gWGHfThTcABnNDBda6eTZeqbofalIJhFx0qKzgHJmcPTnGdw=="],

    "lightningcss-win32-x64-msvc": ["lightningcss-win32-x64-msvc@1.32.0", "", { "os": "win32", "cpu": "x64" }, "sha512-Amq9B/SoZYdDi1kFrojnoqPLxYhQ4Wo5XiL8EVJrVsB8ARoC1PWW6VGtT0WKCemjy8aC+louJnjS7U18x3b06Q=="],

    "marked": ["marked@14.0.0", "", { "bin": { "marked": "bin/marked.js" } }, "sha512-uIj4+faQ+MgHgwUW1l2PsPglZLOLOT1uErt06dAPtx2kjteLAkbsd/0FiYg/MGS+i7ZKLb7w2WClxHkzOOuryQ=="],

    "monaco-editor": ["monaco-editor@0.55.1", "", { "dependencies": { "dompurify": "3.2.7", "marked": "14.0.0" } }, "sha512-jz4x+TJNFHwHtwuV9vA9rMujcZRb0CEilTEwG2rRSpe/A7Jdkuj8xPKttCgOh+v/lkHy7HsZ64oj+q3xoAFl9A=="],

    "nanoid": ["nanoid@3.3.12", "", { "bin": { "nanoid": "bin/nanoid.cjs" } }, "sha512-ZB9RH/39qpq5Vu6Y+NmUaFhQR6pp+M2Xt76XBnEwDaGcVAqhlvxrl3B2bKS5D3NH3QR76v3aSrKaF/Kiy7lEtQ=="],

    "picocolors": ["picocolors@1.1.1", "", {}, "sha512-xceH2snhtb5M9liqDsmEw56le376mTZkEX/jEb/RxNFyegNul7eNslCXP9FDj/Lcu0X8KEyMceP2ntpaHrDEVA=="],

    "picomatch": ["picomatch@4.0.4", "", {}, "sha512-QP88BAKvMam/3NxH6vj2o21R6MjxZUAd6nlwAS/pnGvN9IVLocLHxGYIzFhg6fUQ+5th6P4dv4eW9jX3DSIj7A=="],

    "postcss": ["postcss@8.5.15", "", { "dependencies": { "nanoid": "^3.3.12", "picocolors": "^1.1.1", "source-map-js": "^1.2.1" } }, "sha512-FfR8sjd4em2T6fb3I2MwAJU7HWVMr9zba+enmQeeWFfCbm+UOC/0X4DS8XtpUTMwWMGbjKYP7xjfNekzyGmB3A=="],

    "rolldown": ["rolldown@1.0.2", "", { "dependencies": { "@oxc-project/types": "=0.132.0", "@rolldown/pluginutils": "^1.0.0" }, "optionalDependencies": { "@rolldown/binding-android-arm64": "1.0.2", "@rolldown/binding-darwin-arm64": "1.0.2", "@rolldown/binding-darwin-x64": "1.0.2", "@rolldown/binding-freebsd-x64": "1.0.2", "@rolldown/binding-linux-arm-gnueabihf": "1.0.2", "@rolldown/binding-linux-arm64-gnu": "1.0.2", "@rolldown/binding-linux-arm64-musl": "1.0.2", "@rolldown/binding-linux-ppc64-gnu": "1.0.2", "@rolldown/binding-linux-s390x-gnu": "1.0.2", "@rolldown/binding-linux-x64-gnu": "1.0.2", "@rolldown/binding-linux-x64-musl": "1.0.2", "@rolldown/binding-openharmony-arm64": "1.0.2", "@rolldown/binding-wasm32-wasi": "1.0.2", "@rolldown/binding-win32-arm64-msvc": "1.0.2", "@rolldown/binding-win32-x64-msvc": "1.0.2" }, "bin": { "rolldown": "./bin/cli.mjs" } }, "sha512-oZx5zVDtVB44AW3eaifgDml1gWRDZGvjcfdxonE4swNPG98PrrXjaO/KrnUjzlMnztCCRVlUueA1kCXhARGk6g=="],

    "sherif": ["sherif@1.11.1", "", { "optionalDependencies": { "sherif-darwin-arm64": "1.11.1", "sherif-darwin-x64": "1.11.1", "sherif-linux-arm64": "1.11.1", "sherif-linux-arm64-musl": "1.11.1", "sherif-linux-x64": "1.11.1", "sherif-linux-x64-musl": "1.11.1", "sherif-windows-arm64": "1.11.1", "sherif-windows-x64": "1.11.1" }, "bin": { "sherif": "index.js" } }, "sha512-HBFce8NGaPuWPg5NXb6+aI7hJQFjTilhtbrgo+Y/BvtGlkuJAzLnkmC8nyD+p3v7oIAq4KQeA8qySKGga28xZg=="],

    "sherif-darwin-arm64": ["sherif-darwin-arm64@1.11.1", "", { "os": "darwin", "cpu": "arm64" }, "sha512-VoMrUv5QY6hQ2rByNa3AAhr/KGQsCb6pvAUNKa1iCh1jvnY836hQr6zNBw9hYCDkVv6t9sITFGJljwdTCQD4xw=="],

    "sherif-darwin-x64": ["sherif-darwin-x64@1.11.1", "", { "os": "darwin", "cpu": "x64" }, "sha512-7j3yOCBkvVbltVT3lXoiazGfG2nb36FteYT5VZPEBSf8sTn1pPTScukAQ1Fdl+MphadGyici7XlRbDrtZ/wnvA=="],

    "sherif-linux-arm64": ["sherif-linux-arm64@1.11.1", "", { "os": "linux", "cpu": "arm64" }, "sha512-vCZFS7RxhZ/8g9bdj3UPNVPTcZiKiWigW+FIlVQEUKEKfG0MfSOMBJqEWPVVUniyJa3rdIxtmZKSdWkG0e1x3w=="],

    "sherif-linux-arm64-musl": ["sherif-linux-arm64-musl@1.11.1", "", { "os": "linux", "cpu": "arm64" }, "sha512-DCf87RFqBh8ZrYgu3y+fv0x4kFn/np84m2jAEgygznwozH/VCfrXbHFVdhxW7762JCYkXbHO9dUj/ff5fkvkvw=="],

    "sherif-linux-x64": ["sherif-linux-x64@1.11.1", "", { "os": "linux", "cpu": "x64" }, "sha512-9t+p1X3SyhU75BrJNHBbj9i/aQxHC/sF+Mdkf17V5AlokCznFgYKQUXq5EVmcmRDDhDl69RMzCTLD95EBqUSYA=="],

    "sherif-linux-x64-musl": ["sherif-linux-x64-musl@1.11.1", "", { "os": "linux", "cpu": "x64" }, "sha512-f8xitqXdHObUFPZo4QVbz3o30Y4+gHA3B5ZobsOWocnSfJBaUGutBzJsUsjG6w2tccSRn6+mugiMUGKIbIPZmQ=="],

    "sherif-windows-arm64": ["sherif-windows-arm64@1.11.1", "", { "os": "win32", "cpu": "arm64" }, "sha512-Dnffgcyz9zLq/8UTY2REchJzRJWcWAuMWo5Vl5O17IZGkhl71dwa7/Vi2wC3EQd8WAVK/O82yArOYggWA0dj5w=="],

    "sherif-windows-x64": ["sherif-windows-x64@1.11.1", "", { "os": "win32", "cpu": "x64" }, "sha512-xjfYUL/IQ65DwHkRsWIxiZWtglKtL5/E3UHpnLwOui3jqW1V2K88SMct415dnlBQiL3U9VEIVUo1i+KmToOBgQ=="],

    "source-map-js": ["source-map-js@1.2.1", "", {}, "sha512-UXWMKhLOwVKb728IUtQPXxfYU+usdybtUrK/8uGE8CQMvrhOpwvzDBwj0QhSL7MQc7vIsISBG8VQ8+IDQxpfQA=="],

    "tinybench": ["tinybench@6.0.2", "", {}, "sha512-FlHoQpcFvCzeXK5kVPvV7IVgW/hs/B36QWTz876iSdeJguBDfdTSRQmYmaHX+fQNt4hp+gEFB2XXw+8hT4/y8A=="],

    "tinyglobby": ["tinyglobby@0.2.16", "", { "dependencies": { "fdir": "^6.5.0", "picomatch": "^4.0.4" } }, "sha512-pn99VhoACYR8nFHhxqix+uvsbXineAasWm5ojXoN8xEwK5Kd3/TrhNn1wByuD52UxWRLy8pu+kRMniEi6Eq9Zg=="],

    "tslib": ["tslib@2.8.1", "", {}, "sha512-oJFu94HQb+KVduSUQL7wnpmqnfmLsOA/nAh6b6EH0wCEoK0/mPeXU6c3wKDV83MkOuHPRHtSXKKU99IBazS/2w=="],

    "undici-types": ["undici-types@7.19.2", "", {}, "sha512-qYVnV5OEm2AW8cJMCpdV20CDyaN3g0AjDlOGf1OW4iaDEx8MwdtChUp4zu4H0VP3nDRF/8RKWH+IPp9uW0YGZg=="],

    "vite": ["vite@8.0.14", "", { "dependencies": { "lightningcss": "^1.32.0", "picomatch": "^4.0.4", "postcss": "^8.5.15", "rolldown": "1.0.2", "tinyglobby": "^0.2.16" }, "optionalDependencies": { "fsevents": "~2.3.3" }, "peerDependencies": { "@types/node": "^20.19.0 || >=22.12.0", "@vitejs/devtools": "^0.1.18", "esbuild": "^0.27.0 || ^0.28.0", "jiti": ">=1.21.0", "less": "^4.0.0", "sass": "^1.70.0", "sass-embedded": "^1.70.0", "stylus": ">=0.54.8", "sugarss": "^5.0.0", "terser": "^5.16.0", "tsx": "^4.8.1", "yaml": "^2.4.2" }, "optionalPeers": ["@types/node", "@vitejs/devtools", "esbuild", "jiti", "less", "sass", "sass-embedded", "stylus", "sugarss", "terser", "tsx", "yaml"], "bin": { "vite": "bin/vite.js" } }, "sha512-s4BJJ+5y1pYL6Otw51FHhVJQhPnuRinKig64g/1+EUNaJsd3gCKdD31IPFvswUgW9/60QT9oFHbZHbQK5imcxw=="],

    "website": ["website@workspace:website"],

    "whatwg-mimetype": ["whatwg-mimetype@3.0.0", "", {}, "sha512-nt+N2dzIutVRxARx1nghPKGv1xHikU7HKdfafKkLNLindmPU/ch3U31NOCGGA/dmPcmb1VlofO0vnKAcsm0o/Q=="],

    "ws": ["ws@8.21.0", "", { "peerDependencies": { "bufferutil": "^4.0.1", "utf-8-validate": ">=5.0.2" }, "optionalPeers": ["bufferutil", "utf-8-validate"] }, "sha512-Vsp28b7DRcimFQvrqu2Wek3z1iYxDCWqHYB8Qsnk/S4RfaCQzPGPyBNuVjJV3cd6UiKtUtp6sNM77gWvzcCH+g=="],
  }
}
