{
  "name": "examples",
  "requires": true,
  "lockfileVersion": 1,
  "dependencies": {
    "fufu": {
      "version": "0.0.3-alpha.0",
      "resolved": "https://registry.npmjs.org/fufu/-/fufu-0.0.3-alpha.0.tgz",
      "integrity": "sha512-+q7kaZ3vAJL5i8IAZ7nW5eYvJk+EnVOcY9hflyQJSe5jtnWoh+k6F7g2/Sc2JoGuoJgdVRx882gV53sEm2ZYEg==",
      "requires": {
        "@most/core": "1.5.0",
        "@most/disposable": "1.2.2",
        "@most/prelude": "1.7.3",
        "@most/scheduler": "1.2.3",
        "@most/types": "1.0.2",
        "csstype": "2.6.9"
      },
      "dependencies": {
        "@most/core": {
          "version": "1.6.0",
          "resolved": "https://registry.npmjs.org/@most/core/-/core-1.6.0.tgz",
          "integrity": "sha512-wqMBjf4fb/kwVh+mfWBdyi2CdEXUSioOzUKFlYpz5Gne+yORIYHRcYX5JECz3b2BpUsCfUyQJhR/o39rGUmXJA==",
          "requires": {
            "@most/disposable": "^1.3.0",
            "@most/prelude": "^1.8.0",
            "@most/scheduler": "^1.3.0",
            "@most/types": "^1.1.0"
          }
        },
        "@most/disposable": {
          "version": "1.3.0",
          "resolved": "https://registry.npmjs.org/@most/disposable/-/disposable-1.3.0.tgz",
          "integrity": "sha512-0lCve1GmWlZrvTGQpMgTFTHH6uRtzM31jyYTIN7303XX4KoLCLWw9L6hfTYLLBtge6s+QyiBQVokAhy2GjNAUQ==",
          "requires": {
            "@most/prelude": "^1.8.0",
            "@most/types": "^1.1.0"
          }
        },
        "@most/prelude": {
          "version": "1.8.0",
          "resolved": "https://registry.npmjs.org/@most/prelude/-/prelude-1.8.0.tgz",
          "integrity": "sha512-t1CcURpZzfmBA6fEWwqmCqeNzWAj1w2WqEmCk/2yXMe/p8Ut000wFmVKMy8A1Rl9VVxZEZ5nBHd/pU0dR4bv/w=="
        },
        "@most/scheduler": {
          "version": "1.3.0",
          "resolved": "https://registry.npmjs.org/@most/scheduler/-/scheduler-1.3.0.tgz",
          "integrity": "sha512-bbJGyhbZxNqlkVjP8+YT9wIVMvYnpzWOzV8jZueqlTH2PJWewH2f54YziZn7/wWa6AJdN03H1vb8Tbi9GcA/cw==",
          "requires": {
            "@most/prelude": "^1.8.0",
            "@most/types": "^1.1.0"
          }
        },
        "@most/types": {
          "version": "1.1.0",
          "resolved": "https://registry.npmjs.org/@most/types/-/types-1.1.0.tgz",
          "integrity": "sha512-v2trqAWu1jqP4Yd/CyI1O6mAeJyygK1uJOrFRpNPkPZIaYw4khA4EQe4WzcyOFKuXdiP8qAqaxGtXXJJ2LZdXg=="
        },
        "csstype": {
          "version": "3.0.2",
          "resolved": "https://registry.npmjs.org/csstype/-/csstype-3.0.2.tgz",
          "integrity": "sha512-ofovWglpqoqbfLNOTBNZLSbMuGrblAf1efvvArGKOZMBrIoJeu5UsAipQolkijtyQx5MtAzT/J9IHj/CEY1mJw=="
        }
      }
    }
  }
}
