# THIS IS AN AUTOGENERATED FILE. DO NOT EDIT THIS FILE DIRECTLY.
# yarn lockfile v1


"@most/core@0.6.1":
  version "0.6.1"
  resolved "https://registry.yarnpkg.com/@most/core/-/core-0.6.1.tgz#be6c5d4b054004a0392d79480ef3f67a10893830"
  dependencies:
    "@most/disposable" "^0.5.0"
    "@most/prelude" "^1.5.2"
    "@most/scheduler" "^0.5.0"
    "@most/types" "^0.5.0"

"@most/disposable@^0.5.0":
  version "0.5.0"
  resolved "https://registry.yarnpkg.com/@most/disposable/-/disposable-0.5.0.tgz#012242af14e0ce8f78e973587dada5b343c02f93"
  dependencies:
    "@most/prelude" "^1.5.2"
    "@most/types" "^0.5.0"

"@most/prelude@1.6.0", "@most/prelude@^1.5.2":
  version "1.6.0"
  resolved "https://registry.yarnpkg.com/@most/prelude/-/prelude-1.6.0.tgz#4256e3a902ddf04c1f07afca2267526195072e13"

"@most/scheduler@^0.5.0":
  version "0.5.0"
  resolved "https://registry.yarnpkg.com/@most/scheduler/-/scheduler-0.5.0.tgz#c65a7cde792824e79a347a1b0829f79aa5bfc66c"
  dependencies:
    "@most/prelude" "^1.5.2"
    "@most/types" "^0.5.0"

"@most/types@^0.5.0":
  version "0.5.0"
  resolved "https://registry.yarnpkg.com/@most/types/-/types-0.5.0.tgz#22f00451be319206d75ce4d292e6f91f6e7cbe11"

typescript@^2.3.2:
  version "2.3.2"
  resolved "https://registry.yarnpkg.com/typescript/-/typescript-2.3.2.tgz#f0f045e196f69a72f06b25fd3bd39d01c3ce9984"
