{
  "name": "fufu",
  "version": "0.0.3-alpha.0",
  "lockfileVersion": 1,
  "requires": true,
  "dependencies": {
    "@most/core": {
      "version": "1.5.0",
      "resolved": "https://registry.npmjs.org/@most/core/-/core-1.5.0.tgz",
      "integrity": "sha512-cI8KTkjaipRVQvf4vrwhqNtY7cTzF9YaI85TU6mHEgjRMeTSS9qgBv6z6wXUePgnbwf11uVgSERZ8PZRDPE2HA==",
      "requires": {
        "@most/disposable": "^1.2.2",
        "@most/prelude": "^1.7.3",
        "@most/scheduler": "^1.2.3",
        "@most/types": "^1.0.2"
      },
      "dependencies": {
        "@most/scheduler": {
          "version": "1.2.3",
          "resolved": "https://registry.npmjs.org/@most/scheduler/-/scheduler-1.2.3.tgz",
          "integrity": "sha512-OpykYNwUIe7/InAs0ftSIkQULJajM6ghmYDeJ0yv9xcLmi5NyAtOOyUdIxlfqi7xHWRiD2iQuuJXHGyqFsKCsw==",
          "requires": {
            "@most/prelude": "^1.7.3",
            "@most/types": "^1.0.2"
          }
        }
      }
    },
    "@most/disposable": {
      "version": "1.2.2",
      "resolved": "https://registry.npmjs.org/@most/disposable/-/disposable-1.2.2.tgz",
      "integrity": "sha512-05u3obo0sDuh1PGw1BS6VEhgJTLkPMyGHOAvSJMSk2tArgBvhMvjayl8fU4DEKO7r+3aTg7F9Stnr1T61578yQ==",
      "requires": {
        "@most/prelude": "^1.7.3",
        "@most/types": "^1.0.2"
      }
    },
    "@most/multicast": {
      "version": "1.3.0",
      "resolved": "https://registry.npmjs.org/@most/multicast/-/multicast-1.3.0.tgz",
      "integrity": "sha512-DWH8AShgp5bXn+auGzf5tzPxvpmEvQJd0CNsApOci1LDF4eAEcnw4HQOr2Jaa+L92NbDYFKBSXxll+i7r1ikvw==",
      "requires": {
        "@most/prelude": "^1.4.0"
      }
    },
    "@most/prelude": {
      "version": "1.7.3",
      "resolved": "https://registry.npmjs.org/@most/prelude/-/prelude-1.7.3.tgz",
      "integrity": "sha512-qWWEnA22UP1lzFfKx75XMut6DUUXGRKe7qv2k+Bgs7ju8lwb5RjsZYyQZ+VcsYvHcIavHKzseLlBMLOe2CvUZw=="
    },
    "@most/scheduler": {
      "version": "1.2.3",
      "resolved": "https://registry.npmjs.org/@most/scheduler/-/scheduler-1.2.3.tgz",
      "integrity": "sha512-OpykYNwUIe7/InAs0ftSIkQULJajM6ghmYDeJ0yv9xcLmi5NyAtOOyUdIxlfqi7xHWRiD2iQuuJXHGyqFsKCsw==",
      "requires": {
        "@most/prelude": "^1.7.3",
        "@most/types": "^1.0.2"
      }
    },
    "@most/types": {
      "version": "1.0.2",
      "resolved": "https://registry.npmjs.org/@most/types/-/types-1.0.2.tgz",
      "integrity": "sha512-ZVkDwaiuGVTXywADeJ3aUBsD41UURldIljlsSTMdiWfhVEOY7dsY8iq+9wFUjRZYjhnpn9tLiOHaqyjbxm1prg=="
    },
    "most": {
      "version": "1.8.1",
      "resolved": "https://registry.npmjs.org/most/-/most-1.8.1.tgz",
      "integrity": "sha512-sN3lHtEvVNq5ay/pT93fKQ2XVW2uwbUypSWGt/DYCxGKuyvxaNd8mProK0M4k6irqeh1WD3pWrg4RdrCPohqDQ==",
      "requires": {
        "@most/multicast": "^1.2.5",
        "@most/prelude": "^1.4.0",
        "symbol-observable": "^1.0.2"
      }
    },
    "symbol-observable": {
      "version": "1.2.0",
      "resolved": "https://registry.npmjs.org/symbol-observable/-/symbol-observable-1.2.0.tgz",
      "integrity": "sha512-e900nM8RRtGhlV36KGEU9k65K3mPb1WV70OdjfxlG2EAuM1noi/E/BaW/uMhL7bPEssK8QV57vN3esixjUvcXQ=="
    }
  }
}
